// !$*UTF8*$!
{
	archiveVersion = 1;
	classes = {
	};
	objectVersion = 56;
	objects = {

/* Begin PBXBuildFile section */
		785AEE382D072F350084B413 /* AppDelegate.swift in Sources */ = {isa = PBXBuildFile; fileRef = 785AEE372D072F350084B413 /* AppDelegate.swift */; };
		785AEE3A2D072F350084B413 /* SceneDelegate.swift in Sources */ = {isa = PBXBuildFile; fileRef = 785AEE392D072F350084B413 /* SceneDelegate.swift */; };
		785AEE3C2D072F350084B413 /* ViewController.swift in Sources */ = {isa = PBXBuildFile; fileRef = 785AEE3B2D072F350084B413 /* ViewController.swift */; };
		785AEE412D072F390084B413 /* Assets.xcassets in Resources */ = {isa = PBXBuildFile; fileRef = 785AEE402D072F390084B413 /* Assets.xcassets */; };
		785AEE442D072F390084B413 /* Base in Resources */ = {isa = PBXBuildFile; fileRef = 785AEE432D072F390084B413 /* Base */; };
		785AEE532D0730C30084B413 /* RxCocoa in Frameworks */ = {isa = PBXBuildFile; productRef = 785AEE522D0730C30084B413 /* RxCocoa */; };
		785AEE552D0730C30084B413 /* RxSwift in Frameworks */ = {isa = PBXBuildFile; productRef = 785AEE542D0730C30084B413 /* RxSwift */; };
		785AEE582D0730EB0084B413 /* Differentiator in Frameworks */ = {isa = PBXBuildFile; productRef = 785AEE572D0730EB0084B413 /* Differentiator */; };
		785AEE5A2D0730EB0084B413 /* RxDataSources in Frameworks */ = {isa = PBXBuildFile; productRef = 785AEE592D0730EB0084B413 /* RxDataSources */; };
		785AEE5D2D0731030084B413 /* NSObject-Rx in Frameworks */ = {isa = PBXBuildFile; productRef = 785AEE5C2D0731030084B413 /* NSObject-Rx */; };
		785AEE602D0731250084B413 /* SnapKit in Frameworks */ = {isa = PBXBuildFile; productRef = 785AEE5F2D0731250084B413 /* SnapKit */; };
		785AEE622D0731250084B413 /* SnapKit-Dynamic in Frameworks */ = {isa = PBXBuildFile; productRef = 785AEE612D0731250084B413 /* SnapKit-Dynamic */; };
		785AEE652D0731370084B413 /* Then in Frameworks */ = {isa = PBXBuildFile; productRef = 785AEE642D0731370084B413 /* Then */; };
		785AEE682D0734F40084B413 /* ViewModelBindableType.swift in Sources */ = {isa = PBXBuildFile; fileRef = 785AEE672D0734F40084B413 /* ViewModelBindableType.swift */; };
		785AEE6B2D0735D10084B413 /* ForecastTableViewCell.swift in Sources */ = {isa = PBXBuildFile; fileRef = 785AEE6A2D0735D10084B413 /* ForecastTableViewCell.swift */; };
		785AEE6D2D0735EA0084B413 /* SummaryTableViewCell.swift in Sources */ = {isa = PBXBuildFile; fileRef = 785AEE6C2D0735EA0084B413 /* SummaryTableViewCell.swift */; };
		785AEE6F2D07377C0084B413 /* WeatherDataType.swift in Sources */ = {isa = PBXBuildFile; fileRef = 785AEE6E2D07377C0084B413 /* WeatherDataType.swift */; };
		785AEE712D0737F90084B413 /* UIImage+Weather.swift in Sources */ = {isa = PBXBuildFile; fileRef = 785AEE702D0737F90084B413 /* UIImage+Weather.swift */; };
		785AEE732D073EA20084B413 /* MainViewModel.swift in Sources */ = {isa = PBXBuildFile; fileRef = 785AEE722D073EA20084B413 /* MainViewModel.swift */; };
		785AEE752D074ED10084B413 /* SampleData.swift in Sources */ = {isa = PBXBuildFile; fileRef = 785AEE742D074ED10084B413 /* SampleData.swift */; };
		785AEE772D0750690084B413 /* WeatherSummary.swift in Sources */ = {isa = PBXBuildFile; fileRef = 785AEE762D0750690084B413 /* WeatherSummary.swift */; };
		785AEE792D0750A80084B413 /* Forecast.swift in Sources */ = {isa = PBXBuildFile; fileRef = 785AEE782D0750A80084B413 /* Forecast.swift */; };
		785AEE7B2D0750E90084B413 /* WeatherData.swift in Sources */ = {isa = PBXBuildFile; fileRef = 785AEE7A2D0750E90084B413 /* WeatherData.swift */; };
		785AEE7E2D0981F80084B413 /* ApiKey.swift in Sources */ = {isa = PBXBuildFile; fileRef = 785AEE7D2D0981F80084B413 /* ApiKey.swift */; };
		785AEE802D0982200084B413 /* Endpoint.swift in Sources */ = {isa = PBXBuildFile; fileRef = 785AEE7F2D0982200084B413 /* Endpoint.swift */; };
		785AEE822D0984F50084B413 /* WeatherApiType.swift in Sources */ = {isa = PBXBuildFile; fileRef = 785AEE812D0984F50084B413 /* WeatherApiType.swift */; };
		785AEE842D0985D60084B413 /* WeatherApi.swift in Sources */ = {isa = PBXBuildFile; fileRef = 785AEE832D0985D60084B413 /* WeatherApi.swift */; };
		785AEE862D098F9F0084B413 /* LocationProviderType.swift in Sources */ = {isa = PBXBuildFile; fileRef = 785AEE852D098F9F0084B413 /* LocationProviderType.swift */; };
		785AEE882D0990050084B413 /* StaticLocationProvider.swift in Sources */ = {isa = PBXBuildFile; fileRef = 785AEE872D0990050084B413 /* StaticLocationProvider.swift */; };
		785AEE8A2D0992870084B413 /* Scene.swift in Sources */ = {isa = PBXBuildFile; fileRef = 785AEE892D0992870084B413 /* Scene.swift */; };
		785AEE8C2D09931A0084B413 /* SceneCoordinatorType.swift in Sources */ = {isa = PBXBuildFile; fileRef = 785AEE8B2D09931A0084B413 /* SceneCoordinatorType.swift */; };
		785AEE8E2D09955D0084B413 /* TransitionModel.swift in Sources */ = {isa = PBXBuildFile; fileRef = 785AEE8D2D09955D0084B413 /* TransitionModel.swift */; };
		785AEE902D0995A20084B413 /* SceneCoordinator.swift in Sources */ = {isa = PBXBuildFile; fileRef = 785AEE8F2D0995A20084B413 /* SceneCoordinator.swift */; };
		785AEE922D0BDF0F0084B413 /* RxCLLocationManagerDelegateProxy.swift in Sources */ = {isa = PBXBuildFile; fileRef = 785AEE912D0BDF0F0084B413 /* RxCLLocationManagerDelegateProxy.swift */; };
		785AEE942D0C8F670084B413 /* CoreLocationProvider.swift in Sources */ = {isa = PBXBuildFile; fileRef = 785AEE932D0C8F670084B413 /* CoreLocationProvider.swift */; };
		785AEE9C2D0C97980084B413 /* 금남로.gpx in Resources */ = {isa = PBXBuildFile; fileRef = 785AEE972D0C97970084B413 /* 금남로.gpx */; };
		785AEE9D2D0C97980084B413 /* 광안리.gpx in Resources */ = {isa = PBXBuildFile; fileRef = 785AEE982D0C97970084B413 /* 광안리.gpx */; };
		785AEE9E2D0C97980084B413 /* 동성로.gpx in Resources */ = {isa = PBXBuildFile; fileRef = 785AEE992D0C97970084B413 /* 동성로.gpx */; };
		785AEE9F2D0C97980084B413 /* 강릉항.gpx in Resources */ = {isa = PBXBuildFile; fileRef = 785AEE9A2D0C97980084B413 /* 강릉항.gpx */; };
		785AEEA02D0C97980084B413 /* 제주공항.gpx in Resources */ = {isa = PBXBuildFile; fileRef = 785AEE9B2D0C97980084B413 /* 제주공항.gpx */; };
/* End PBXBuildFile section */

/* Begin PBXFileReference section */
		785AEE342D072F350084B413 /* RxWeather.app */ = {isa = PBXFileReference; explicitFileType = wrapper.application; includeInIndex = 0; path = RxWeather.app; sourceTree = BUILT_PRODUCTS_DIR; };
		785AEE372D072F350084B413 /* AppDelegate.swift */ = {isa = PBXFileReference; lastKnownFileType = sourcecode.swift; path = AppDelegate.swift; sourceTree = "<group>"; };
		785AEE392D072F350084B413 /* SceneDelegate.swift */ = {isa = PBXFileReference; lastKnownFileType = sourcecode.swift; path = SceneDelegate.swift; sourceTree = "<group>"; };
		785AEE3B2D072F350084B413 /* ViewController.swift */ = {isa = PBXFileReference; lastKnownFileType = sourcecode.swift; path = ViewController.swift; sourceTree = "<group>"; };
		785AEE402D072F390084B413 /* Assets.xcassets */ = {isa = PBXFileReference; lastKnownFileType = folder.assetcatalog; path = Assets.xcassets; sourceTree = "<group>"; };
		785AEE432D072F390084B413 /* Base */ = {isa = PBXFileReference; lastKnownFileType = file.storyboard; name = Base; path = Base.lproj/LaunchScreen.storyboard; sourceTree = "<group>"; };
		785AEE452D072F390084B413 /* Info.plist */ = {isa = PBXFileReference; lastKnownFileType = text.plist.xml; path = Info.plist; sourceTree = "<group>"; };
		785AEE672D0734F40084B413 /* ViewModelBindableType.swift */ = {isa = PBXFileReference; lastKnownFileType = sourcecode.swift; path = ViewModelBindableType.swift; sourceTree = "<group>"; };
		785AEE6A2D0735D10084B413 /* ForecastTableViewCell.swift */ = {isa = PBXFileReference; lastKnownFileType = sourcecode.swift; path = ForecastTableViewCell.swift; sourceTree = "<group>"; };
		785AEE6C2D0735EA0084B413 /* SummaryTableViewCell.swift */ = {isa = PBXFileReference; lastKnownFileType = sourcecode.swift; path = SummaryTableViewCell.swift; sourceTree = "<group>"; };
		785AEE6E2D07377C0084B413 /* WeatherDataType.swift */ = {isa = PBXFileReference; lastKnownFileType = sourcecode.swift; path = WeatherDataType.swift; sourceTree = "<group>"; };
		785AEE702D0737F90084B413 /* UIImage+Weather.swift */ = {isa = PBXFileReference; lastKnownFileType = sourcecode.swift; path = "UIImage+Weather.swift"; sourceTree = "<group>"; };
		785AEE722D073EA20084B413 /* MainViewModel.swift */ = {isa = PBXFileReference; lastKnownFileType = sourcecode.swift; path = MainViewModel.swift; sourceTree = "<group>"; };
		785AEE742D074ED10084B413 /* SampleData.swift */ = {isa = PBXFileReference; lastKnownFileType = sourcecode.swift; path = SampleData.swift; sourceTree = "<group>"; };
		785AEE762D0750690084B413 /* WeatherSummary.swift */ = {isa = PBXFileReference; lastKnownFileType = sourcecode.swift; path = WeatherSummary.swift; sourceTree = "<group>"; };
		785AEE782D0750A80084B413 /* Forecast.swift */ = {isa = PBXFileReference; lastKnownFileType = sourcecode.swift; path = Forecast.swift; sourceTree = "<group>"; };
		785AEE7A2D0750E90084B413 /* WeatherData.swift */ = {isa = PBXFileReference; lastKnownFileType = sourcecode.swift; path = WeatherData.swift; sourceTree = "<group>"; };
		785AEE7D2D0981F80084B413 /* ApiKey.swift */ = {isa = PBXFileReference; lastKnownFileType = sourcecode.swift; path = ApiKey.swift; sourceTree = "<group>"; };
		785AEE7F2D0982200084B413 /* Endpoint.swift */ = {isa = PBXFileReference; lastKnownFileType = sourcecode.swift; path = Endpoint.swift; sourceTree = "<group>"; };
		785AEE812D0984F50084B413 /* WeatherApiType.swift */ = {isa = PBXFileReference; lastKnownFileType = sourcecode.swift; path = WeatherApiType.swift; sourceTree = "<group>"; };
		785AEE832D0985D60084B413 /* WeatherApi.swift */ = {isa = PBXFileReference; lastKnownFileType = sourcecode.swift; path = WeatherApi.swift; sourceTree = "<group>"; };
		785AEE852D098F9F0084B413 /* LocationProviderType.swift */ = {isa = PBXFileReference; lastKnownFileType = sourcecode.swift; path = LocationProviderType.swift; sourceTree = "<group>"; };
		785AEE872D0990050084B413 /* StaticLocationProvider.swift */ = {isa = PBXFileReference; lastKnownFileType = sourcecode.swift; path = StaticLocationProvider.swift; sourceTree = "<group>"; };
		785AEE892D0992870084B413 /* Scene.swift */ = {isa = PBXFileReference; lastKnownFileType = sourcecode.swift; path = Scene.swift; sourceTree = "<group>"; };
		785AEE8B2D09931A0084B413 /* SceneCoordinatorType.swift */ = {isa = PBXFileReference; lastKnownFileType = sourcecode.swift; path = SceneCoordinatorType.swift; sourceTree = "<group>"; };
		785AEE8D2D09955D0084B413 /* TransitionModel.swift */ = {isa = PBXFileReference; lastKnownFileType = sourcecode.swift; path = TransitionModel.swift; sourceTree = "<group>"; };
		785AEE8F2D0995A20084B413 /* SceneCoordinator.swift */ = {isa = PBXFileReference; lastKnownFileType = sourcecode.swift; path = SceneCoordinator.swift; sourceTree = "<group>"; };
		785AEE912D0BDF0F0084B413 /* RxCLLocationManagerDelegateProxy.swift */ = {isa = PBXFileReference; lastKnownFileType = sourcecode.swift; path = RxCLLocationManagerDelegateProxy.swift; sourceTree = "<group>"; };
		785AEE932D0C8F670084B413 /* CoreLocationProvider.swift */ = {isa = PBXFileReference; lastKnownFileType = sourcecode.swift; path = CoreLocationProvider.swift; sourceTree = "<group>"; };
		785AEE962D0C95D70084B413 /* 강남역.gpx */ = {isa = PBXFileReference; lastKnownFileType = text.xml; path = "강남역.gpx"; sourceTree = "<group>"; };
		785AEE972D0C97970084B413 /* 금남로.gpx */ = {isa = PBXFileReference; fileEncoding = 4; lastKnownFileType = text.xml; path = "금남로.gpx"; sourceTree = "<group>"; };
		785AEE982D0C97970084B413 /* 광안리.gpx */ = {isa = PBXFileReference; fileEncoding = 4; lastKnownFileType = text.xml; path = "광안리.gpx"; sourceTree = "<group>"; };
		785AEE992D0C97970084B413 /* 동성로.gpx */ = {isa = PBXFileReference; fileEncoding = 4; lastKnownFileType = text.xml; path = "동성로.gpx"; sourceTree = "<group>"; };
		785AEE9A2D0C97980084B413 /* 강릉항.gpx */ = {isa = PBXFileReference; fileEncoding = 4; lastKnownFileType = text.xml; path = "강릉항.gpx"; sourceTree = "<group>"; };
		785AEE9B2D0C97980084B413 /* 제주공항.gpx */ = {isa = PBXFileReference; fileEncoding = 4; lastKnownFileType = text.xml; path = "제주공항.gpx"; sourceTree = "<group>"; };
/* End PBXFileReference section */

/* Begin PBXFrameworksBuildPhase section */
		785AEE312D072F350084B413 /* Frameworks */ = {
			isa = PBXFrameworksBuildPhase;
			buildActionMask = 2147483647;
			files = (
				785AEE552D0730C30084B413 /* RxSwift in Frameworks */,
				785AEE5A2D0730EB0084B413 /* RxDataSources in Frameworks */,
				785AEE582D0730EB0084B413 /* Differentiator in Frameworks */,
				785AEE652D0731370084B413 /* Then in Frameworks */,
				785AEE602D0731250084B413 /* SnapKit in Frameworks */,
				785AEE532D0730C30084B413 /* RxCocoa in Frameworks */,
				785AEE622D0731250084B413 /* SnapKit-Dynamic in Frameworks */,
				785AEE5D2D0731030084B413 /* NSObject-Rx in Frameworks */,
			);
			runOnlyForDeploymentPostprocessing = 0;
		};
/* End PBXFrameworksBuildPhase section */

/* Begin PBXGroup section */
		785AEE2B2D072F350084B413 = {
			isa = PBXGroup;
			children = (
				785AEE362D072F350084B413 /* RxWeather */,
				785AEE352D072F350084B413 /* Products */,
			);
			sourceTree = "<group>";
		};
		785AEE352D072F350084B413 /* Products */ = {
			isa = PBXGroup;
			children = (
				785AEE342D072F350084B413 /* RxWeather.app */,
			);
			name = Products;
			sourceTree = "<group>";
		};
		785AEE362D072F350084B413 /* RxWeather */ = {
			isa = PBXGroup;
			children = (
				785AEE662D07332C0084B413 /* App */,
				785AEE502D0730200084B413 /* ViewController */,
				785AEE4F2D07301E0084B413 /* ViewModel */,
				785AEE4E2D07301C0084B413 /* Model */,
				785AEE4D2D07301A0084B413 /* Service */,
				785AEE4C2D0730160084B413 /* Scene */,
				785AEE4B2D07300F0084B413 /* Extension */,
				785AEE402D072F390084B413 /* Assets.xcassets */,
				785AEE422D072F390084B413 /* LaunchScreen.storyboard */,
				785AEE452D072F390084B413 /* Info.plist */,
			);
			path = RxWeather;
			sourceTree = "<group>";
		};
		785AEE4B2D07300F0084B413 /* Extension */ = {
			isa = PBXGroup;
			children = (
				785AEE702D0737F90084B413 /* UIImage+Weather.swift */,
			);
			path = Extension;
			sourceTree = "<group>";
		};
		785AEE4C2D0730160084B413 /* Scene */ = {
			isa = PBXGroup;
			children = (
				785AEE892D0992870084B413 /* Scene.swift */,
				785AEE8B2D09931A0084B413 /* SceneCoordinatorType.swift */,
				785AEE8F2D0995A20084B413 /* SceneCoordinator.swift */,
				785AEE8D2D09955D0084B413 /* TransitionModel.swift */,
			);
			path = Scene;
			sourceTree = "<group>";
		};
		785AEE4D2D07301A0084B413 /* Service */ = {
			isa = PBXGroup;
			children = (
				785AEE952D0C95830084B413 /* Locations */,
				785AEE7D2D0981F80084B413 /* ApiKey.swift */,
				785AEE7F2D0982200084B413 /* Endpoint.swift */,
				785AEE812D0984F50084B413 /* WeatherApiType.swift */,
				785AEE832D0985D60084B413 /* WeatherApi.swift */,
				785AEE852D098F9F0084B413 /* LocationProviderType.swift */,
				785AEE872D0990050084B413 /* StaticLocationProvider.swift */,
				785AEE932D0C8F670084B413 /* CoreLocationProvider.swift */,
				785AEE912D0BDF0F0084B413 /* RxCLLocationManagerDelegateProxy.swift */,
			);
			path = Service;
			sourceTree = "<group>";
		};
		785AEE4E2D07301C0084B413 /* Model */ = {
			isa = PBXGroup;
			children = (
				785AEE762D0750690084B413 /* WeatherSummary.swift */,
				785AEE782D0750A80084B413 /* Forecast.swift */,
				785AEE6E2D07377C0084B413 /* WeatherDataType.swift */,
				785AEE7A2D0750E90084B413 /* WeatherData.swift */,
			);
			path = Model;
			sourceTree = "<group>";
		};
		785AEE4F2D07301E0084B413 /* ViewModel */ = {
			isa = PBXGroup;
			children = (
				785AEE722D073EA20084B413 /* MainViewModel.swift */,
			);
			path = ViewModel;
			sourceTree = "<group>";
		};
		785AEE502D0730200084B413 /* ViewController */ = {
			isa = PBXGroup;
			children = (
				785AEE692D07359E0084B413 /* Cell */,
				785AEE3B2D072F350084B413 /* ViewController.swift */,
				785AEE672D0734F40084B413 /* ViewModelBindableType.swift */,
			);
			path = ViewController;
			sourceTree = "<group>";
		};
		785AEE662D07332C0084B413 /* App */ = {
			isa = PBXGroup;
			children = (
				785AEE372D072F350084B413 /* AppDelegate.swift */,
				785AEE392D072F350084B413 /* SceneDelegate.swift */,
			);
			path = App;
			sourceTree = "<group>";
		};
		785AEE692D07359E0084B413 /* Cell */ = {
			isa = PBXGroup;
			children = (
				785AEE6A2D0735D10084B413 /* ForecastTableViewCell.swift */,
				785AEE6C2D0735EA0084B413 /* SummaryTableViewCell.swift */,
				785AEE742D074ED10084B413 /* SampleData.swift */,
			);
			path = Cell;
			sourceTree = "<group>";
		};
		785AEE952D0C95830084B413 /* Locations */ = {
			isa = PBXGroup;
			children = (
				785AEE962D0C95D70084B413 /* 강남역.gpx */,
				785AEE9A2D0C97980084B413 /* 강릉항.gpx */,
				785AEE982D0C97970084B413 /* 광안리.gpx */,
				785AEE972D0C97970084B413 /* 금남로.gpx */,
				785AEE992D0C97970084B413 /* 동성로.gpx */,
				785AEE9B2D0C97980084B413 /* 제주공항.gpx */,
			);
			path = Locations;
			sourceTree = "<group>";
		};
/* End PBXGroup section */

/* Begin PBXNativeTarget section */
		785AEE332D072F350084B413 /* RxWeather */ = {
			isa = PBXNativeTarget;
			buildConfigurationList = 785AEE482D072F390084B413 /* Build configuration list for PBXNativeTarget "RxWeather" */;
			buildPhases = (
				785AEE302D072F350084B413 /* Sources */,
				785AEE312D072F350084B413 /* Frameworks */,
				785AEE322D072F350084B413 /* Resources */,
			);
			buildRules = (
			);
			dependencies = (
			);
			name = RxWeather;
			packageProductDependencies = (
				785AEE522D0730C30084B413 /* RxCocoa */,
				785AEE542D0730C30084B413 /* RxSwift */,
				785AEE572D0730EB0084B413 /* Differentiator */,
				785AEE592D0730EB0084B413 /* RxDataSources */,
				785AEE5C2D0731030084B413 /* NSObject-Rx */,
				785AEE5F2D0731250084B413 /* SnapKit */,
				785AEE612D0731250084B413 /* SnapKit-Dynamic */,
				785AEE642D0731370084B413 /* Then */,
			);
			productName = RxWeather;
			productReference = 785AEE342D072F350084B413 /* RxWeather.app */;
			productType = "com.apple.product-type.application";
		};
/* End PBXNativeTarget section */

/* Begin PBXProject section */
		785AEE2C2D072F350084B413 /* Project object */ = {
			isa = PBXProject;
			attributes = {
				BuildIndependentTargetsInParallel = 1;
				LastSwiftUpdateCheck = 1530;
				LastUpgradeCheck = 1530;
				TargetAttributes = {
					785AEE332D072F350084B413 = {
						CreatedOnToolsVersion = 15.3;
					};
				};
			};
			buildConfigurationList = 785AEE2F2D072F350084B413 /* Build configuration list for PBXProject "RxWeather" */;
			compatibilityVersion = "Xcode 14.0";
			developmentRegion = en;
			hasScannedForEncodings = 0;
			knownRegions = (
				en,
				Base,
			);
			mainGroup = 785AEE2B2D072F350084B413;
			packageReferences = (
				785AEE512D0730C30084B413 /* XCRemoteSwiftPackageReference "RxSwift" */,
				785AEE562D0730EB0084B413 /* XCRemoteSwiftPackageReference "RxDataSources" */,
				785AEE5B2D0731030084B413 /* XCRemoteSwiftPackageReference "NSObject-Rx" */,
				785AEE5E2D0731250084B413 /* XCRemoteSwiftPackageReference "SnapKit" */,
				785AEE632D0731370084B413 /* XCRemoteSwiftPackageReference "Then" */,
			);
			productRefGroup = 785AEE352D072F350084B413 /* Products */;
			projectDirPath = "";
			projectRoot = "";
			targets = (
				785AEE332D072F350084B413 /* RxWeather */,
			);
		};
/* End PBXProject section */

/* Begin PBXResourcesBuildPhase section */
		785AEE322D072F350084B413 /* Resources */ = {
			isa = PBXResourcesBuildPhase;
			buildActionMask = 2147483647;
			files = (
				785AEEA02D0C97980084B413 /* 제주공항.gpx in Resources */,
				785AEE9D2D0C97980084B413 /* 광안리.gpx in Resources */,
				785AEE9E2D0C97980084B413 /* 동성로.gpx in Resources */,
				785AEE412D072F390084B413 /* Assets.xcassets in Resources */,
				785AEE442D072F390084B413 /* Base in Resources */,
				785AEE9F2D0C97980084B413 /* 강릉항.gpx in Resources */,
				785AEE9C2D0C97980084B413 /* 금남로.gpx in Resources */,
			);
			runOnlyForDeploymentPostprocessing = 0;
		};
/* End PBXResourcesBuildPhase section */

/* Begin PBXSourcesBuildPhase section */
		785AEE302D072F350084B413 /* Sources */ = {
			isa = PBXSourcesBuildPhase;
			buildActionMask = 2147483647;
			files = (
				785AEE3C2D072F350084B413 /* ViewController.swift in Sources */,
				785AEE6B2D0735D10084B413 /* ForecastTableViewCell.swift in Sources */,
				785AEE8E2D09955D0084B413 /* TransitionModel.swift in Sources */,
				785AEE772D0750690084B413 /* WeatherSummary.swift in Sources */,
				785AEE6F2D07377C0084B413 /* WeatherDataType.swift in Sources */,
				785AEE902D0995A20084B413 /* SceneCoordinator.swift in Sources */,
				785AEE802D0982200084B413 /* Endpoint.swift in Sources */,
				785AEE7E2D0981F80084B413 /* ApiKey.swift in Sources */,
				785AEE792D0750A80084B413 /* Forecast.swift in Sources */,
				785AEE752D074ED10084B413 /* SampleData.swift in Sources */,
				785AEE942D0C8F670084B413 /* CoreLocationProvider.swift in Sources */,
				785AEE8C2D09931A0084B413 /* SceneCoordinatorType.swift in Sources */,
				785AEE682D0734F40084B413 /* ViewModelBindableType.swift in Sources */,
				785AEE382D072F350084B413 /* AppDelegate.swift in Sources */,
				785AEE712D0737F90084B413 /* UIImage+Weather.swift in Sources */,
				785AEE822D0984F50084B413 /* WeatherApiType.swift in Sources */,
				785AEE8A2D0992870084B413 /* Scene.swift in Sources */,
				785AEE6D2D0735EA0084B413 /* SummaryTableViewCell.swift in Sources */,
				785AEE842D0985D60084B413 /* WeatherApi.swift in Sources */,
				785AEE3A2D072F350084B413 /* SceneDelegate.swift in Sources */,
				785AEE922D0BDF0F0084B413 /* RxCLLocationManagerDelegateProxy.swift in Sources */,
				785AEE862D098F9F0084B413 /* LocationProviderType.swift in Sources */,
				785AEE732D073EA20084B413 /* MainViewModel.swift in Sources */,
				785AEE7B2D0750E90084B413 /* WeatherData.swift in Sources */,
				785AEE882D0990050084B413 /* StaticLocationProvider.swift in Sources */,
			);
			runOnlyForDeploymentPostprocessing = 0;
		};
/* End PBXSourcesBuildPhase section */

/* Begin PBXVariantGroup section */
		785AEE422D072F390084B413 /* LaunchScreen.storyboard */ = {
			isa = PBXVariantGroup;
			children = (
				785AEE432D072F390084B413 /* Base */,
			);
			name = LaunchScreen.storyboard;
			sourceTree = "<group>";
		};
/* End PBXVariantGroup section */

/* Begin XCBuildConfiguration section */
		785AEE462D072F390084B413 /* Debug */ = {
			isa = XCBuildConfiguration;
			buildSettings = {
				ALWAYS_SEARCH_USER_PATHS = NO;
				ASSETCATALOG_COMPILER_GENERATE_SWIFT_ASSET_SYMBOL_EXTENSIONS = YES;
				CLANG_ANALYZER_NONNULL = YES;
				CLANG_ANALYZER_NUMBER_OBJECT_CONVERSION = YES_AGGRESSIVE;
				CLANG_CXX_LANGUAGE_STANDARD = "gnu++20";
				CLANG_ENABLE_MODULES = YES;
				CLANG_ENABLE_OBJC_ARC = YES;
				CLANG_ENABLE_OBJC_WEAK = YES;
				CLANG_WARN_BLOCK_CAPTURE_AUTORELEASING = YES;
				CLANG_WARN_BOOL_CONVERSION = YES;
				CLANG_WARN_COMMA = YES;
				CLANG_WARN_CONSTANT_CONVERSION = YES;
				CLANG_WARN_DEPRECATED_OBJC_IMPLEMENTATIONS = YES;
				CLANG_WARN_DIRECT_OBJC_ISA_USAGE = YES_ERROR;
				CLANG_WARN_DOCUMENTATION_COMMENTS = YES;
				CLANG_WARN_EMPTY_BODY = YES;
				CLANG_WARN_ENUM_CONVERSION = YES;
				CLANG_WARN_INFINITE_RECURSION = YES;
				CLANG_WARN_INT_CONVERSION = YES;
				CLANG_WARN_NON_LITERAL_NULL_CONVERSION = YES;
				CLANG_WARN_OBJC_IMPLICIT_RETAIN_SELF = YES;
				CLANG_WARN_OBJC_LITERAL_CONVERSION = YES;
				CLANG_WARN_OBJC_ROOT_CLASS = YES_ERROR;
				CLANG_WARN_QUOTED_INCLUDE_IN_FRAMEWORK_HEADER = YES;
				CLANG_WARN_RANGE_LOOP_ANALYSIS = YES;
				CLANG_WARN_STRICT_PROTOTYPES = YES;
				CLANG_WARN_SUSPICIOUS_MOVE = YES;
				CLANG_WARN_UNGUARDED_AVAILABILITY = YES_AGGRESSIVE;
				CLANG_WARN_UNREACHABLE_CODE = YES;
				CLANG_WARN__DUPLICATE_METHOD_MATCH = YES;
				COPY_PHASE_STRIP = NO;
				DEBUG_INFORMATION_FORMAT = dwarf;
				ENABLE_STRICT_OBJC_MSGSEND = YES;
				ENABLE_TESTABILITY = YES;
				ENABLE_USER_SCRIPT_SANDBOXING = YES;
				GCC_C_LANGUAGE_STANDARD = gnu17;
				GCC_DYNAMIC_NO_PIC = NO;
				GCC_NO_COMMON_BLOCKS = YES;
				GCC_OPTIMIZATION_LEVEL = 0;
				GCC_PREPROCESSOR_DEFINITIONS = (
					"DEBUG=1",
					"$(inherited)",
				);
				GCC_WARN_64_TO_32_BIT_CONVERSION = YES;
				GCC_WARN_ABOUT_RETURN_TYPE = YES_ERROR;
				GCC_WARN_UNDECLARED_SELECTOR = YES;
				GCC_WARN_UNINITIALIZED_AUTOS = YES_AGGRESSIVE;
				GCC_WARN_UNUSED_FUNCTION = YES;
				GCC_WARN_UNUSED_VARIABLE = YES;
				IPHONEOS_DEPLOYMENT_TARGET = 17.4;
				LOCALIZATION_PREFERS_STRING_CATALOGS = YES;
				MTL_ENABLE_DEBUG_INFO = INCLUDE_SOURCE;
				MTL_FAST_MATH = YES;
				ONLY_ACTIVE_ARCH = YES;
				SDKROOT = iphoneos;
				SWIFT_ACTIVE_COMPILATION_CONDITIONS = "DEBUG $(inherited)";
				SWIFT_OPTIMIZATION_LEVEL = "-Onone";
			};
			name = Debug;
		};
		785AEE472D072F390084B413 /* Release */ = {
			isa = XCBuildConfiguration;
			buildSettings = {
				ALWAYS_SEARCH_USER_PATHS = NO;
				ASSETCATALOG_COMPILER_GENERATE_SWIFT_ASSET_SYMBOL_EXTENSIONS = YES;
				CLANG_ANALYZER_NONNULL = YES;
				CLANG_ANALYZER_NUMBER_OBJECT_CONVERSION = YES_AGGRESSIVE;
				CLANG_CXX_LANGUAGE_STANDARD = "gnu++20";
				CLANG_ENABLE_MODULES = YES;
				CLANG_ENABLE_OBJC_ARC = YES;
				CLANG_ENABLE_OBJC_WEAK = YES;
				CLANG_WARN_BLOCK_CAPTURE_AUTORELEASING = YES;
				CLANG_WARN_BOOL_CONVERSION = YES;
				CLANG_WARN_COMMA = YES;
				CLANG_WARN_CONSTANT_CONVERSION = YES;
				CLANG_WARN_DEPRECATED_OBJC_IMPLEMENTATIONS = YES;
				CLANG_WARN_DIRECT_OBJC_ISA_USAGE = YES_ERROR;
				CLANG_WARN_DOCUMENTATION_COMMENTS = YES;
				CLANG_WARN_EMPTY_BODY = YES;
				CLANG_WARN_ENUM_CONVERSION = YES;
				CLANG_WARN_INFINITE_RECURSION = YES;
				CLANG_WARN_INT_CONVERSION = YES;
				CLANG_WARN_NON_LITERAL_NULL_CONVERSION = YES;
				CLANG_WARN_OBJC_IMPLICIT_RETAIN_SELF = YES;
				CLANG_WARN_OBJC_LITERAL_CONVERSION = YES;
				CLANG_WARN_OBJC_ROOT_CLASS = YES_ERROR;
				CLANG_WARN_QUOTED_INCLUDE_IN_FRAMEWORK_HEADER = YES;
				CLANG_WARN_RANGE_LOOP_ANALYSIS = YES;
				CLANG_WARN_STRICT_PROTOTYPES = YES;
				CLANG_WARN_SUSPICIOUS_MOVE = YES;
				CLANG_WARN_UNGUARDED_AVAILABILITY = YES_AGGRESSIVE;
				CLANG_WARN_UNREACHABLE_CODE = YES;
				CLANG_WARN__DUPLICATE_METHOD_MATCH = YES;
				COPY_PHASE_STRIP = NO;
				DEBUG_INFORMATION_FORMAT = "dwarf-with-dsym";
				ENABLE_NS_ASSERTIONS = NO;
				ENABLE_STRICT_OBJC_MSGSEND = YES;
				ENABLE_USER_SCRIPT_SANDBOXING = YES;
				GCC_C_LANGUAGE_STANDARD = gnu17;
				GCC_NO_COMMON_BLOCKS = YES;
				GCC_WARN_64_TO_32_BIT_CONVERSION = YES;
				GCC_WARN_ABOUT_RETURN_TYPE = YES_ERROR;
				GCC_WARN_UNDECLARED_SELECTOR = YES;
				GCC_WARN_UNINITIALIZED_AUTOS = YES_AGGRESSIVE;
				GCC_WARN_UNUSED_FUNCTION = YES;
				GCC_WARN_UNUSED_VARIABLE = YES;
				IPHONEOS_DEPLOYMENT_TARGET = 17.4;
				LOCALIZATION_PREFERS_STRING_CATALOGS = YES;
				MTL_ENABLE_DEBUG_INFO = NO;
				MTL_FAST_MATH = YES;
				SDKROOT = iphoneos;
				SWIFT_COMPILATION_MODE = wholemodule;
				VALIDATE_PRODUCT = YES;
			};
			name = Release;
		};
		785AEE492D072F390084B413 /* Debug */ = {
			isa = XCBuildConfiguration;
			buildSettings = {
				ASSETCATALOG_COMPILER_APPICON_NAME = AppIcon;
				ASSETCATALOG_COMPILER_GLOBAL_ACCENT_COLOR_NAME = AccentColor;
				CODE_SIGN_STYLE = Automatic;
				CURRENT_PROJECT_VERSION = 1;
				DEVELOPMENT_TEAM = NY2YF9QVXX;
				GENERATE_INFOPLIST_FILE = YES;
				INFOPLIST_FILE = RxWeather/Info.plist;
				INFOPLIST_KEY_UIApplicationSupportsIndirectInputEvents = YES;
				INFOPLIST_KEY_UILaunchStoryboardName = LaunchScreen;
				INFOPLIST_KEY_UISupportedInterfaceOrientations_iPad = "UIInterfaceOrientationPortrait UIInterfaceOrientationPortraitUpsideDown UIInterfaceOrientationLandscapeLeft UIInterfaceOrientationLandscapeRight";
				INFOPLIST_KEY_UISupportedInterfaceOrientations_iPhone = "UIInterfaceOrientationPortrait UIInterfaceOrientationLandscapeLeft UIInterfaceOrientationLandscapeRight";
				LD_RUNPATH_SEARCH_PATHS = (
					"$(inherited)",
					"@executable_path/Frameworks",
				);
				MARKETING_VERSION = 1.0;
				PRODUCT_BUNDLE_IDENTIFIER = io.github.hoon94.RxWeather;
				PRODUCT_NAME = "$(TARGET_NAME)";
				SWIFT_EMIT_LOC_STRINGS = YES;
				SWIFT_VERSION = 5.0;
				TARGETED_DEVICE_FAMILY = "1,2";
			};
			name = Debug;
		};
		785AEE4A2D072F390084B413 /* Release */ = {
			isa = XCBuildConfiguration;
			buildSettings = {
				ASSETCATALOG_COMPILER_APPICON_NAME = AppIcon;
				ASSETCATALOG_COMPILER_GLOBAL_ACCENT_COLOR_NAME = AccentColor;
				CODE_SIGN_STYLE = Automatic;
				CURRENT_PROJECT_VERSION = 1;
				DEVELOPMENT_TEAM = NY2YF9QVXX;
				GENERATE_INFOPLIST_FILE = YES;
				INFOPLIST_FILE = RxWeather/Info.plist;
				INFOPLIST_KEY_UIApplicationSupportsIndirectInputEvents = YES;
				INFOPLIST_KEY_UILaunchStoryboardName = LaunchScreen;
				INFOPLIST_KEY_UISupportedInterfaceOrientations_iPad = "UIInterfaceOrientationPortrait UIInterfaceOrientationPortraitUpsideDown UIInterfaceOrientationLandscapeLeft UIInterfaceOrientationLandscapeRight";
				INFOPLIST_KEY_UISupportedInterfaceOrientations_iPhone = "UIInterfaceOrientationPortrait UIInterfaceOrientationLandscapeLeft UIInterfaceOrientationLandscapeRight";
				LD_RUNPATH_SEARCH_PATHS = (
					"$(inherited)",
					"@executable_path/Frameworks",
				);
				MARKETING_VERSION = 1.0;
				PRODUCT_BUNDLE_IDENTIFIER = io.github.hoon94.RxWeather;
				PRODUCT_NAME = "$(TARGET_NAME)";
				SWIFT_EMIT_LOC_STRINGS = YES;
				SWIFT_VERSION = 5.0;
				TARGETED_DEVICE_FAMILY = "1,2";
			};
			name = Release;
		};
/* End XCBuildConfiguration section */

/* Begin XCConfigurationList section */
		785AEE2F2D072F350084B413 /* Build configuration list for PBXProject "RxWeather" */ = {
			isa = XCConfigurationList;
			buildConfigurations = (
				785AEE462D072F390084B413 /* Debug */,
				785AEE472D072F390084B413 /* Release */,
			);
			defaultConfigurationIsVisible = 0;
			defaultConfigurationName = Release;
		};
		785AEE482D072F390084B413 /* Build configuration list for PBXNativeTarget "RxWeather" */ = {
			isa = XCConfigurationList;
			buildConfigurations = (
				785AEE492D072F390084B413 /* Debug */,
				785AEE4A2D072F390084B413 /* Release */,
			);
			defaultConfigurationIsVisible = 0;
			defaultConfigurationName = Release;
		};
/* End XCConfigurationList section */

/* Begin XCRemoteSwiftPackageReference section */
		785AEE512D0730C30084B413 /* XCRemoteSwiftPackageReference "RxSwift" */ = {
			isa = XCRemoteSwiftPackageReference;
			repositoryURL = "https://github.com/ReactiveX/RxSwift.git";
			requirement = {
				kind = upToNextMajorVersion;
				minimumVersion = 6.8.0;
			};
		};
		785AEE562D0730EB0084B413 /* XCRemoteSwiftPackageReference "RxDataSources" */ = {
			isa = XCRemoteSwiftPackageReference;
			repositoryURL = "https://github.com/RxSwiftCommunity/RxDataSources.git";
			requirement = {
				kind = upToNextMajorVersion;
				minimumVersion = 5.0.2;
			};
		};
		785AEE5B2D0731030084B413 /* XCRemoteSwiftPackageReference "NSObject-Rx" */ = {
			isa = XCRemoteSwiftPackageReference;
			repositoryURL = "https://github.com/RxSwiftCommunity/NSObject-Rx.git";
			requirement = {
				kind = upToNextMajorVersion;
				minimumVersion = 5.2.2;
			};
		};
		785AEE5E2D0731250084B413 /* XCRemoteSwiftPackageReference "SnapKit" */ = {
			isa = XCRemoteSwiftPackageReference;
			repositoryURL = "https://github.com/SnapKit/SnapKit.git";
			requirement = {
				kind = upToNextMajorVersion;
				minimumVersion = 5.7.1;
			};
		};
		785AEE632D0731370084B413 /* XCRemoteSwiftPackageReference "Then" */ = {
			isa = XCRemoteSwiftPackageReference;
			repositoryURL = "https://github.com/devxoul/Then.git";
			requirement = {
				kind = upToNextMajorVersion;
				minimumVersion = 3.0.0;
			};
		};
/* End XCRemoteSwiftPackageReference section */

/* Begin XCSwiftPackageProductDependency section */
		785AEE522D0730C30084B413 /* RxCocoa */ = {
			isa = XCSwiftPackageProductDependency;
			package = 785AEE512D0730C30084B413 /* XCRemoteSwiftPackageReference "RxSwift" */;
			productName = RxCocoa;
		};
		785AEE542D0730C30084B413 /* RxSwift */ = {
			isa = XCSwiftPackageProductDependency;
			package = 785AEE512D0730C30084B413 /* XCRemoteSwiftPackageReference "RxSwift" */;
			productName = RxSwift;
		};
		785AEE572D0730EB0084B413 /* Differentiator */ = {
			isa = XCSwiftPackageProductDependency;
			package = 785AEE562D0730EB0084B413 /* XCRemoteSwiftPackageReference "RxDataSources" */;
			productName = Differentiator;
		};
		785AEE592D0730EB0084B413 /* RxDataSources */ = {
			isa = XCSwiftPackageProductDependency;
			package = 785AEE562D0730EB0084B413 /* XCRemoteSwiftPackageReference "RxDataSources" */;
			productName = RxDataSources;
		};
		785AEE5C2D0731030084B413 /* NSObject-Rx */ = {
			isa = XCSwiftPackageProductDependency;
			package = 785AEE5B2D0731030084B413 /* XCRemoteSwiftPackageReference "NSObject-Rx" */;
			productName = "NSObject-Rx";
		};
		785AEE5F2D0731250084B413 /* SnapKit */ = {
			isa = XCSwiftPackageProductDependency;
			package = 785AEE5E2D0731250084B413 /* XCRemoteSwiftPackageReference "SnapKit" */;
			productName = SnapKit;
		};
		785AEE612D0731250084B413 /* SnapKit-Dynamic */ = {
			isa = XCSwiftPackageProductDependency;
			package = 785AEE5E2D0731250084B413 /* XCRemoteSwiftPackageReference "SnapKit" */;
			productName = "SnapKit-Dynamic";
		};
		785AEE642D0731370084B413 /* Then */ = {
			isa = XCSwiftPackageProductDependency;
			package = 785AEE632D0731370084B413 /* XCRemoteSwiftPackageReference "Then" */;
			productName = Then;
		};
/* End XCSwiftPackageProductDependency section */
	};
	rootObject = 785AEE2C2D072F350084B413 /* Project object */;
}
